
Microsoft Visual Studio Solution File, Format Version 12.00
# Visual Studio Version 16
VisualStudioVersion = 16.0.30011.22
MinimumVisualStudioVersion = 10.0.40219.1
Project("{FAE04EC0-301F-11D3-BF4B-00C04F79EFBC}") = "Bibliotek övning", "Bibliotek övning\Bibliotek övning.csproj", "{490C0B12-1BB2-473D-A7F5-CCCC59E5CD15}"
EndProject
Global
	GlobalSection(SolutionConfigurationPlatforms) = preSolution
		Debug|Any CPU = Debug|Any CPU
		Release|Any CPU = Release|Any CPU
	EndGlobalSection
	GlobalSection(ProjectConfigurationPlatforms) = postSolution
		{490C0B12-1BB2-473D-A7F5-CCCC59E5CD15}.Debug|Any CPU.ActiveCfg = Debug|Any CPU
		{490C0B12-1BB2-473D-A7F5-CCCC59E5CD15}.Debug|Any CPU.Build.0 = Debug|Any CPU
		{490C0B12-1BB2-473D-A7F5-CCCC59E5CD15}.Release|Any CPU.ActiveCfg = Release|Any CPU
		{490C0B12-1BB2-473D-A7F5-CCCC59E5CD15}.Release|Any CPU.Build.0 = Release|Any CPU
	EndGlobalSection
	GlobalSection(SolutionProperties) = preSolution
		HideSolutionNode = FALSE
	EndGlobalSection
	GlobalSection(ExtensibilityGlobals) = postSolution
		SolutionGuid = {F9748538-6501-4A12-BE1F-CB3B23848E1C}
	EndGlobalSection
EndGlobal
